
Microsoft Visual Studio Solution File, Format Version 12.00
# Visual Studio 14
VisualStudioVersion = 14.0.25420.1
MinimumVisualStudioVersion = 10.0.40219.1
Project("{22325025-CDA3-4736-83CB-2D32D2FCC215}") = "CloudFormation", "CloudFormation.cfproj", "{99999999-9999-9999-9999-999999999999}"
EndProject
Project("{22325025-CDA3-4736-83CB-2D32D2FCC215}") = "CloudFormationWindows", "..\CloudFormationWindows\CloudFormationWindows.cfproj", "{4DD7B654-513F-48F4-894C-554014C2EBC9}"
EndProject
Project("{8BC9CEB8-8B4A-11D0-8D11-00A0C91BC942}") = "TestCrypto", "..\TestCrypto\TestCrypto.vcxproj", "{7FE2BE8A-9530-4722-AFDF-5E0A4BCD9DAC}"
EndProject
Project("{F5034706-568F-408A-B7B3-4D38C6DB8A32}") = "Scripts", "..\Scripts\Scripts.pssproj", "{6CAFC0C6-A428-4D30-A9F9-700E829FEA51}"
EndProject
Project("{F5034706-568F-408A-B7B3-4D38C6DB8A32}") = "BakeIDEAMI", "..\scripts\BakeIDEAMI.pssproj", "{4CF03CDD-7500-4F6C-B009-E7428F6E106D}"
EndProject
Project("{151D2E53-A2C4-4D7D-83FE-D05416EBD58E}") = "lansa-vmss-windows-autoscale-sql-database", "..\ARM\lansa-vmss-windows-autoscale-sql-database\lansa-vmss-windows-autoscale-sql-database.deployproj", "{051E47DB-C040-4C98-8DE4-8910945961DB}"
EndProject
Global
	GlobalSection(SolutionConfigurationPlatforms) = preSolution
		Debug|Any CPU = Debug|Any CPU
		Debug|Mixed Platforms = Debug|Mixed Platforms
		Debug|Win32 = Debug|Win32
		Debug|x86 = Debug|x86
		Release|Any CPU = Release|Any CPU
		Release|Mixed Platforms = Release|Mixed Platforms
		Release|Win32 = Release|Win32
		Release|x86 = Release|x86
	EndGlobalSection
	GlobalSection(ProjectConfigurationPlatforms) = postSolution
		{99999999-9999-9999-9999-999999999999}.Debug|Any CPU.ActiveCfg = Debug|x86
		{99999999-9999-9999-9999-999999999999}.Debug|Mixed Platforms.ActiveCfg = Debug|x86
		{99999999-9999-9999-9999-999999999999}.Debug|Mixed Platforms.Build.0 = Debug|x86
		{99999999-9999-9999-9999-999999999999}.Debug|Win32.ActiveCfg = Debug|x86
		{99999999-9999-9999-9999-999999999999}.Debug|Win32.Build.0 = Debug|x86
		{99999999-9999-9999-9999-999999999999}.Debug|x86.ActiveCfg = Debug|x86
		{99999999-9999-9999-9999-999999999999}.Debug|x86.Build.0 = Debug|x86
		{99999999-9999-9999-9999-999999999999}.Release|Any CPU.ActiveCfg = Release|x86
		{99999999-9999-9999-9999-999999999999}.Release|Mixed Platforms.ActiveCfg = Release|x86
		{99999999-9999-9999-9999-999999999999}.Release|Mixed Platforms.Build.0 = Release|x86
		{99999999-9999-9999-9999-999999999999}.Release|Win32.ActiveCfg = Release|x86
		{99999999-9999-9999-9999-999999999999}.Release|Win32.Build.0 = Release|x86
		{99999999-9999-9999-9999-999999999999}.Release|x86.ActiveCfg = Release|x86
		{99999999-9999-9999-9999-999999999999}.Release|x86.Build.0 = Release|x86
		{4DD7B654-513F-48F4-894C-554014C2EBC9}.Debug|Any CPU.ActiveCfg = Debug|x86
		{4DD7B654-513F-48F4-894C-554014C2EBC9}.Debug|Mixed Platforms.ActiveCfg = Debug|x86
		{4DD7B654-513F-48F4-894C-554014C2EBC9}.Debug|Mixed Platforms.Build.0 = Debug|x86
		{4DD7B654-513F-48F4-894C-554014C2EBC9}.Debug|Win32.ActiveCfg = Debug|x86
		{4DD7B654-513F-48F4-894C-554014C2EBC9}.Debug|Win32.Build.0 = Debug|x86
		{4DD7B654-513F-48F4-894C-554014C2EBC9}.Debug|x86.ActiveCfg = Debug|x86
		{4DD7B654-513F-48F4-894C-554014C2EBC9}.Debug|x86.Build.0 = Debug|x86
		{4DD7B654-513F-48F4-894C-554014C2EBC9}.Release|Any CPU.ActiveCfg = Release|x86
		{4DD7B654-513F-48F4-894C-554014C2EBC9}.Release|Mixed Platforms.ActiveCfg = Release|x86
		{4DD7B654-513F-48F4-894C-554014C2EBC9}.Release|Mixed Platforms.Build.0 = Release|x86
		{4DD7B654-513F-48F4-894C-554014C2EBC9}.Release|Win32.ActiveCfg = Release|x86
		{4DD7B654-513F-48F4-894C-554014C2EBC9}.Release|Win32.Build.0 = Release|x86
		{4DD7B654-513F-48F4-894C-554014C2EBC9}.Release|x86.ActiveCfg = Release|x86
		{4DD7B654-513F-48F4-894C-554014C2EBC9}.Release|x86.Build.0 = Release|x86
		{7FE2BE8A-9530-4722-AFDF-5E0A4BCD9DAC}.Debug|Any CPU.ActiveCfg = Debug|Win32
		{7FE2BE8A-9530-4722-AFDF-5E0A4BCD9DAC}.Debug|Mixed Platforms.ActiveCfg = Debug|Win32
		{7FE2BE8A-9530-4722-AFDF-5E0A4BCD9DAC}.Debug|Mixed Platforms.Build.0 = Debug|Win32
		{7FE2BE8A-9530-4722-AFDF-5E0A4BCD9DAC}.Debug|Win32.ActiveCfg = Debug|Win32
		{7FE2BE8A-9530-4722-AFDF-5E0A4BCD9DAC}.Debug|Win32.Build.0 = Debug|Win32
		{7FE2BE8A-9530-4722-AFDF-5E0A4BCD9DAC}.Debug|x86.ActiveCfg = Debug|Win32
		{7FE2BE8A-9530-4722-AFDF-5E0A4BCD9DAC}.Debug|x86.Build.0 = Debug|Win32
		{7FE2BE8A-9530-4722-AFDF-5E0A4BCD9DAC}.Release|Any CPU.ActiveCfg = Release|Win32
		{7FE2BE8A-9530-4722-AFDF-5E0A4BCD9DAC}.Release|Mixed Platforms.ActiveCfg = Release|Win32
		{7FE2BE8A-9530-4722-AFDF-5E0A4BCD9DAC}.Release|Mixed Platforms.Build.0 = Release|Win32
		{7FE2BE8A-9530-4722-AFDF-5E0A4BCD9DAC}.Release|Win32.ActiveCfg = Release|Win32
		{7FE2BE8A-9530-4722-AFDF-5E0A4BCD9DAC}.Release|Win32.Build.0 = Release|Win32
		{7FE2BE8A-9530-4722-AFDF-5E0A4BCD9DAC}.Release|x86.ActiveCfg = Release|Win32
		{7FE2BE8A-9530-4722-AFDF-5E0A4BCD9DAC}.Release|x86.Build.0 = Release|Win32
		{6CAFC0C6-A428-4D30-A9F9-700E829FEA51}.Debug|Any CPU.ActiveCfg = Debug|Any CPU
		{6CAFC0C6-A428-4D30-A9F9-700E829FEA51}.Debug|Any CPU.Build.0 = Debug|Any CPU
		{6CAFC0C6-A428-4D30-A9F9-700E829FEA51}.Debug|Mixed Platforms.ActiveCfg = Debug|Any CPU
		{6CAFC0C6-A428-4D30-A9F9-700E829FEA51}.Debug|Mixed Platforms.Build.0 = Debug|Any CPU
		{6CAFC0C6-A428-4D30-A9F9-700E829FEA51}.Debug|Win32.ActiveCfg = Debug|Any CPU
		{6CAFC0C6-A428-4D30-A9F9-700E829FEA51}.Debug|x86.ActiveCfg = Debug|Any CPU
		{6CAFC0C6-A428-4D30-A9F9-700E829FEA51}.Release|Any CPU.ActiveCfg = Release|Any CPU
		{6CAFC0C6-A428-4D30-A9F9-700E829FEA51}.Release|Any CPU.Build.0 = Release|Any CPU
		{6CAFC0C6-A428-4D30-A9F9-700E829FEA51}.Release|Mixed Platforms.ActiveCfg = Release|Any CPU
		{6CAFC0C6-A428-4D30-A9F9-700E829FEA51}.Release|Mixed Platforms.Build.0 = Release|Any CPU
		{6CAFC0C6-A428-4D30-A9F9-700E829FEA51}.Release|Win32.ActiveCfg = Release|Any CPU
		{6CAFC0C6-A428-4D30-A9F9-700E829FEA51}.Release|x86.ActiveCfg = Release|Any CPU
		{4CF03CDD-7500-4F6C-B009-E7428F6E106D}.Debug|Any CPU.ActiveCfg = Debug|Any CPU
		{4CF03CDD-7500-4F6C-B009-E7428F6E106D}.Debug|Any CPU.Build.0 = Debug|Any CPU
		{4CF03CDD-7500-4F6C-B009-E7428F6E106D}.Debug|Mixed Platforms.ActiveCfg = Debug|Any CPU
		{4CF03CDD-7500-4F6C-B009-E7428F6E106D}.Debug|Mixed Platforms.Build.0 = Debug|Any CPU
		{4CF03CDD-7500-4F6C-B009-E7428F6E106D}.Debug|Win32.ActiveCfg = Debug|Any CPU
		{4CF03CDD-7500-4F6C-B009-E7428F6E106D}.Debug|x86.ActiveCfg = Debug|Any CPU
		{4CF03CDD-7500-4F6C-B009-E7428F6E106D}.Release|Any CPU.ActiveCfg = Release|Any CPU
		{4CF03CDD-7500-4F6C-B009-E7428F6E106D}.Release|Any CPU.Build.0 = Release|Any CPU
		{4CF03CDD-7500-4F6C-B009-E7428F6E106D}.Release|Mixed Platforms.ActiveCfg = Release|Any CPU
		{4CF03CDD-7500-4F6C-B009-E7428F6E106D}.Release|Mixed Platforms.Build.0 = Release|Any CPU
		{4CF03CDD-7500-4F6C-B009-E7428F6E106D}.Release|Win32.ActiveCfg = Release|Any CPU
		{4CF03CDD-7500-4F6C-B009-E7428F6E106D}.Release|x86.ActiveCfg = Release|Any CPU
		{051E47DB-C040-4C98-8DE4-8910945961DB}.Debug|Any CPU.ActiveCfg = Debug|Any CPU
		{051E47DB-C040-4C98-8DE4-8910945961DB}.Debug|Any CPU.Build.0 = Debug|Any CPU
		{051E47DB-C040-4C98-8DE4-8910945961DB}.Debug|Mixed Platforms.ActiveCfg = Debug|Any CPU
		{051E47DB-C040-4C98-8DE4-8910945961DB}.Debug|Mixed Platforms.Build.0 = Debug|Any CPU
		{051E47DB-C040-4C98-8DE4-8910945961DB}.Debug|Win32.ActiveCfg = Debug|Any CPU
		{051E47DB-C040-4C98-8DE4-8910945961DB}.Debug|Win32.Build.0 = Debug|Any CPU
		{051E47DB-C040-4C98-8DE4-8910945961DB}.Debug|x86.ActiveCfg = Debug|Any CPU
		{051E47DB-C040-4C98-8DE4-8910945961DB}.Debug|x86.Build.0 = Debug|Any CPU
		{051E47DB-C040-4C98-8DE4-8910945961DB}.Release|Any CPU.ActiveCfg = Release|Any CPU
		{051E47DB-C040-4C98-8DE4-8910945961DB}.Release|Any CPU.Build.0 = Release|Any CPU
		{051E47DB-C040-4C98-8DE4-8910945961DB}.Release|Mixed Platforms.ActiveCfg = Release|Any CPU
		{051E47DB-C040-4C98-8DE4-8910945961DB}.Release|Mixed Platforms.Build.0 = Release|Any CPU
		{051E47DB-C040-4C98-8DE4-8910945961DB}.Release|Win32.ActiveCfg = Release|Any CPU
		{051E47DB-C040-4C98-8DE4-8910945961DB}.Release|Win32.Build.0 = Release|Any CPU
		{051E47DB-C040-4C98-8DE4-8910945961DB}.Release|x86.ActiveCfg = Release|Any CPU
		{051E47DB-C040-4C98-8DE4-8910945961DB}.Release|x86.Build.0 = Release|Any CPU
	EndGlobalSection
	GlobalSection(SolutionProperties) = preSolution
		HideSolutionNode = FALSE
	EndGlobalSection
EndGlobal
